// !$*UTF8*$!
{
	archiveVersion = 1;
	classes = {
	};
	objectVersion = 46;
	objects = {

/* Begin PBXBuildFile section */
		4B8E8E561D504184007BFBAF /* AppDelegate.swift in Sources */ = {isa = PBXBuildFile; fileRef = 4B8E8E551D504184007BFBAF /* AppDelegate.swift */; };
		4B8E8E581D504184007BFBAF /* ViewController.swift in Sources */ = {isa = PBXBuildFile; fileRef = 4B8E8E571D504184007BFBAF /* ViewController.swift */; };
		4B8E8E5B1D504184007BFBAF /* Main.storyboard in Resources */ = {isa = PBXBuildFile; fileRef = 4B8E8E591D504184007BFBAF /* Main.storyboard */; };
		4B8E8E5D1D504184007BFBAF /* Assets.xcassets in Resources */ = {isa = PBXBuildFile; fileRef = 4B8E8E5C1D504184007BFBAF /* Assets.xcassets */; };
		4B8E8E601D504184007BFBAF /* LaunchScreen.storyboard in Resources */ = {isa = PBXBuildFile; fileRef = 4B8E8E5E1D504184007BFBAF /* LaunchScreen.storyboard */; };
/* End PBXBuildFile section */

/* Begin PBXFileReference section */
		4B8E8E521D504184007BFBAF /* UserNotificationDemo.app */ = {isa = PBXFileReference; explicitFileType = wrapper.application; includeInIndex = 0; path = UserNotificationDemo.app; sourceTree = BUILT_PRODUCTS_DIR; };
		4B8E8E551D504184007BFBAF /* AppDelegate.swift */ = {isa = PBXFileReference; lastKnownFileType = sourcecode.swift; path = AppDelegate.swift; sourceTree = "<group>"; };
		4B8E8E571D504184007BFBAF /* ViewController.swift */ = {isa = PBXFileReference; lastKnownFileType = sourcecode.swift; path = ViewController.swift; sourceTree = "<group>"; };
		4B8E8E5A1D504184007BFBAF /* Base */ = {isa = PBXFileReference; lastKnownFileType = file.storyboard; name = Base; path = Base.lproj/Main.storyboard; sourceTree = "<group>"; };
		4B8E8E5C1D504184007BFBAF /* Assets.xcassets */ = {isa = PBXFileReference; lastKnownFileType = folder.assetcatalog; path = Assets.xcassets; sourceTree = "<group>"; };
		4B8E8E5F1D504184007BFBAF /* Base */ = {isa = PBXFileReference; lastKnownFileType = file.storyboard; name = Base; path = Base.lproj/LaunchScreen.storyboard; sourceTree = "<group>"; };
		4B8E8E611D504184007BFBAF /* Info.plist */ = {isa = PBXFileReference; lastKnownFileType = text.plist.xml; path = Info.plist; sourceTree = "<group>"; };
/* End PBXFileReference section */

/* Begin PBXFrameworksBuildPhase section */
		4B8E8E4F1D504184007BFBAF /* Frameworks */ = {
			isa = PBXFrameworksBuildPhase;
			buildActionMask = 2147483647;
			files = (
			);
			runOnlyForDeploymentPostprocessing = 0;
		};
/* End PBXFrameworksBuildPhase section */

/* Begin PBXGroup section */
		4B8E8E491D504184007BFBAF = {
			isa = PBXGroup;
			children = (
				4B8E8E541D504184007BFBAF /* UserNotificationDemo */,
				4B8E8E531D504184007BFBAF /* Products */,
			);
			sourceTree = "<group>";
		};
		4B8E8E531D504184007BFBAF /* Products */ = {
			isa = PBXGroup;
			children = (
				4B8E8E521D504184007BFBAF /* UserNotificationDemo.app */,
			);
			name = Products;
			sourceTree = "<group>";
		};
		4B8E8E541D504184007BFBAF /* UserNotificationDemo */ = {
			isa = PBXGroup;
			children = (
				4B8E8E551D504184007BFBAF /* AppDelegate.swift */,
				4B8E8E571D504184007BFBAF /* ViewController.swift */,
				4B8E8E591D504184007BFBAF /* Main.storyboard */,
				4B8E8E5C1D504184007BFBAF /* Assets.xcassets */,
				4B8E8E5E1D504184007BFBAF /* LaunchScreen.storyboard */,
				4B8E8E611D504184007BFBAF /* Info.plist */,
			);
			path = UserNotificationDemo;
			sourceTree = "<group>";
		};
/* End PBXGroup section */

/* Begin PBXNativeTarget section */
		4B8E8E511D504184007BFBAF /* UserNotificationDemo */ = {
			isa = PBXNativeTarget;
			buildConfigurationList = 4B8E8E641D504184007BFBAF /* Build configuration list for PBXNativeTarget "UserNotificationDemo" */;
			buildPhases = (
				4B8E8E4E1D504184007BFBAF /* Sources */,
				4B8E8E4F1D504184007BFBAF /* Frameworks */,
				4B8E8E501D504184007BFBAF /* Resources */,
			);
			buildRules = (
			);
			dependencies = (
			);
			name = UserNotificationDemo;
			productName = UserNotificationDemo;
			productReference = 4B8E8E521D504184007BFBAF /* UserNotificationDemo.app */;
			productType = "com.apple.product-type.application";
		};
/* End PBXNativeTarget section */

/* Begin PBXProject section */
		4B8E8E4A1D504184007BFBAF /* Project object */ = {
			isa = PBXProject;
			attributes = {
				LastSwiftUpdateCheck = 0800;
				LastUpgradeCheck = 0800;
				ORGANIZATIONNAME = "OneV's Den";
				TargetAttributes = {
					4B8E8E511D504184007BFBAF = {
						CreatedOnToolsVersion = 8.0;
						DevelopmentTeam = QCS488Q747;
						DevelopmentTeamName = "巍 王 (Personal Team)";
						ProvisioningStyle = Automatic;
						SystemCapabilities = {
							com.apple.BackgroundModes = {
								enabled = 0;
							};
						};
					};
				};
			};
			buildConfigurationList = 4B8E8E4D1D504184007BFBAF /* Build configuration list for PBXProject "UserNotificationDemo" */;
			compatibilityVersion = "Xcode 3.2";
			developmentRegion = English;
			hasScannedForEncodings = 0;
			knownRegions = (
				en,
				Base,
			);
			mainGroup = 4B8E8E491D504184007BFBAF;
			productRefGroup = 4B8E8E531D504184007BFBAF /* Products */;
			projectDirPath = "";
			projectRoot = "";
			targets = (
				4B8E8E511D504184007BFBAF /* UserNotificationDemo */,
			);
		};
/* End PBXProject section */

/* Begin PBXResourcesBuildPhase section */
		4B8E8E501D504184007BFBAF /* Resources */ = {
			isa = PBXResourcesBuildPhase;
			buildActionMask = 2147483647;
			files = (
				4B8E8E601D504184007BFBAF /* LaunchScreen.storyboard in Resources */,
				4B8E8E5D1D504184007BFBAF /* Assets.xcassets in Resources */,
				4B8E8E5B1D504184007BFBAF /* Main.storyboard in Resources */,
			);
			runOnlyForDeploymentPostprocessing = 0;
		};
/* End PBXResourcesBuildPhase section */

/* Begin PBXSourcesBuildPhase section */
		4B8E8E4E1D504184007BFBAF /* Sources */ = {
			isa = PBXSourcesBuildPhase;
			buildActionMask = 2147483647;
			files = (
				4B8E8E581D504184007BFBAF /* ViewController.swift in Sources */,
				4B8E8E561D504184007BFBAF /* AppDelegate.swift in Sources */,
			);
			runOnlyForDeploymentPostprocessing = 0;
		};
/* End PBXSourcesBuildPhase section */

/* Begin PBXVariantGroup section */
		4B8E8E591D504184007BFBAF /* Main.storyboard */ = {
			isa = PBXVariantGroup;
			children = (
				4B8E8E5A1D504184007BFBAF /* Base */,
			);
			name = Main.storyboard;
			sourceTree = "<group>";
		};
		4B8E8E5E1D504184007BFBAF /* LaunchScreen.storyboard */ = {
			isa = PBXVariantGroup;
			children = (
				4B8E8E5F1D504184007BFBAF /* Base */,
			);
			name = LaunchScreen.storyboard;
			sourceTree = "<group>";
		};
/* End PBXVariantGroup section */

/* Begin XCBuildConfiguration section */
		4B8E8E621D504184007BFBAF /* Debug */ = {
			isa = XCBuildConfiguration;
			buildSettings = {
				ALWAYS_SEARCH_USER_PATHS = NO;
				CLANG_ANALYZER_NONNULL = YES;
				CLANG_CXX_LANGUAGE_STANDARD = "gnu++0x";
				CLANG_CXX_LIBRARY = "libc++";
				CLANG_ENABLE_MODULES = YES;
				CLANG_ENABLE_OBJC_ARC = YES;
				CLANG_WARN_BOOL_CONVERSION = YES;
				CLANG_WARN_CONSTANT_CONVERSION = YES;
				CLANG_WARN_DIRECT_OBJC_ISA_USAGE = YES_ERROR;
				CLANG_WARN_DOCUMENTATION_COMMENTS = YES;
				CLANG_WARN_EMPTY_BODY = YES;
				CLANG_WARN_ENUM_CONVERSION = YES;
				CLANG_WARN_INT_CONVERSION = YES;
				CLANG_WARN_OBJC_ROOT_CLASS = YES_ERROR;
				CLANG_WARN_UNREACHABLE_CODE = YES;
				CLANG_WARN__DUPLICATE_METHOD_MATCH = YES;
				"CODE_SIGN_IDENTITY[sdk=iphoneos*]" = "iPhone Developer";
				COPY_PHASE_STRIP = NO;
				DEBUG_INFORMATION_FORMAT = dwarf;
				ENABLE_STRICT_OBJC_MSGSEND = YES;
				ENABLE_TESTABILITY = YES;
				GCC_C_LANGUAGE_STANDARD = gnu99;
				GCC_DYNAMIC_NO_PIC = NO;
				GCC_NO_COMMON_BLOCKS = YES;
				GCC_OPTIMIZATION_LEVEL = 0;
				GCC_PREPROCESSOR_DEFINITIONS = (
					"DEBUG=1",
					"$(inherited)",
				);
				GCC_WARN_64_TO_32_BIT_CONVERSION = YES;
				GCC_WARN_ABOUT_RETURN_TYPE = YES_ERROR;
				GCC_WARN_UNDECLARED_SELECTOR = YES;
				GCC_WARN_UNINITIALIZED_AUTOS = YES_AGGRESSIVE;
				GCC_WARN_UNUSED_FUNCTION = YES;
				GCC_WARN_UNUSED_VARIABLE = YES;
				IPHONEOS_DEPLOYMENT_TARGET = 10.0;
				MTL_ENABLE_DEBUG_INFO = YES;
				ONLY_ACTIVE_ARCH = YES;
				SDKROOT = iphoneos;
				SWIFT_ACTIVE_COMPILATION_CONDITIONS = DEBUG;
				SWIFT_OPTIMIZATION_LEVEL = "-Onone";
			};
			name = Debug;
		};
		4B8E8E631D504184007BFBAF /* Release */ = {
			isa = XCBuildConfiguration;
			buildSettings = {
				ALWAYS_SEARCH_USER_PATHS = NO;
				CLANG_ANALYZER_NONNULL = YES;
				CLANG_CXX_LANGUAGE_STANDARD = "gnu++0x";
				CLANG_CXX_LIBRARY = "libc++";
				CLANG_ENABLE_MODULES = YES;
				CLANG_ENABLE_OBJC_ARC = YES;
				CLANG_WARN_BOOL_CONVERSION = YES;
				CLANG_WARN_CONSTANT_CONVERSION = YES;
				CLANG_WARN_DIRECT_OBJC_ISA_USAGE = YES_ERROR;
				CLANG_WARN_DOCUMENTATION_COMMENTS = YES;
				CLANG_WARN_EMPTY_BODY = YES;
				CLANG_WARN_ENUM_CONVERSION = YES;
				CLANG_WARN_INT_CONVERSION = YES;
				CLANG_WARN_OBJC_ROOT_CLASS = YES_ERROR;
				CLANG_WARN_UNREACHABLE_CODE = YES;
				CLANG_WARN__DUPLICATE_METHOD_MATCH = YES;
				"CODE_SIGN_IDENTITY[sdk=iphoneos*]" = "iPhone Developer";
				COPY_PHASE_STRIP = NO;
				DEBUG_INFORMATION_FORMAT = "dwarf-with-dsym";
				ENABLE_NS_ASSERTIONS = NO;
				ENABLE_STRICT_OBJC_MSGSEND = YES;
				GCC_C_LANGUAGE_STANDARD = gnu99;
				GCC_NO_COMMON_BLOCKS = YES;
				GCC_WARN_64_TO_32_BIT_CONVERSION = YES;
				GCC_WARN_ABOUT_RETURN_TYPE = YES_ERROR;
				GCC_WARN_UNDECLARED_SELECTOR = YES;
				GCC_WARN_UNINITIALIZED_AUTOS = YES_AGGRESSIVE;
				GCC_WARN_UNUSED_FUNCTION = YES;
				GCC_WARN_UNUSED_VARIABLE = YES;
				IPHONEOS_DEPLOYMENT_TARGET = 10.0;
				MTL_ENABLE_DEBUG_INFO = NO;
				SDKROOT = iphoneos;
				SWIFT_OPTIMIZATION_LEVEL = "-Owholemodule";
				VALIDATE_PRODUCT = YES;
			};
			name = Release;
		};
		4B8E8E651D504184007BFBAF /* Debug */ = {
			isa = XCBuildConfiguration;
			buildSettings = {
				ASSETCATALOG_COMPILER_APPICON_NAME = AppIcon;
				INFOPLIST_FILE = UserNotificationDemo/Info.plist;
				LD_RUNPATH_SEARCH_PATHS = "$(inherited) @executable_path/Frameworks";
				PRODUCT_BUNDLE_IDENTIFIER = com.onevcat.UserNotificationDemo;
				PRODUCT_NAME = "$(TARGET_NAME)";
				SWIFT_VERSION = 3.0;
			};
			name = Debug;
		};
		4B8E8E661D504184007BFBAF /* Release */ = {
			isa = XCBuildConfiguration;
			buildSettings = {
				ASSETCATALOG_COMPILER_APPICON_NAME = AppIcon;
				INFOPLIST_FILE = UserNotificationDemo/Info.plist;
				LD_RUNPATH_SEARCH_PATHS = "$(inherited) @executable_path/Frameworks";
				PRODUCT_BUNDLE_IDENTIFIER = com.onevcat.UserNotificationDemo;
				PRODUCT_NAME = "$(TARGET_NAME)";
				SWIFT_VERSION = 3.0;
			};
			name = Release;
		};
/* End XCBuildConfiguration section */

/* Begin XCConfigurationList section */
		4B8E8E4D1D504184007BFBAF /* Build configuration list for PBXProject "UserNotificationDemo" */ = {
			isa = XCConfigurationList;
			buildConfigurations = (
				4B8E8E621D504184007BFBAF /* Debug */,
				4B8E8E631D504184007BFBAF /* Release */,
			);
			defaultConfigurationIsVisible = 0;
			defaultConfigurationName = Release;
		};
		4B8E8E641D504184007BFBAF /* Build configuration list for PBXNativeTarget "UserNotificationDemo" */ = {
			isa = XCConfigurationList;
			buildConfigurations = (
				4B8E8E651D504184007BFBAF /* Debug */,
				4B8E8E661D504184007BFBAF /* Release */,
			);
			defaultConfigurationIsVisible = 0;
		};
/* End XCConfigurationList section */
	};
	rootObject = 4B8E8E4A1D504184007BFBAF /* Project object */;
}
